{
    "name": "@jeje-devs/type-extensions",
    "version": "2.1.0",
    "lockfileVersion": 3,
    "requires": true,
    "packages": {
        "": {
            "name": "@jeje-devs/type-extensions",
            "version": "2.1.0",
            "license": "ISC",
            "dependencies": {
                "@jeje-devs/plume-testing": "^2.1.4"
            }
        },
        "node_modules/@jeje-devs/plume-testing": {
            "version": "2.1.4",
            "resolved": "https://registry.npmjs.org/@jeje-devs/plume-testing/-/plume-testing-2.1.4.tgz",
            "integrity": "sha512-P5ebHDIomkVjHAx9iX5gPD0yCew19IcYdwxNG0YowTAh1bCR5XDZxqr424CxF54Q4bj2rO1TskhwQvMDJKroPQ=="
        }
    }
}
